
Microsoft Visual Studio Solution File, Format Version 12.00
# Visual Studio Version 17
VisualStudioVersion = 17.6.33829.357
MinimumVisualStudioVersion = 10.0.40219.1
Project("{FAE04EC0-301F-11D3-BF4B-00C04F79EFBC}") = "TicketingSystem_Alpha", "TicketingSystem_Alpha\TicketingSystem_Alpha.csproj", "{7FB6F0AB-9523-43BA-93C5-FCD9FDCC1928}"
EndProject
Project("{FAE04EC0-301F-11D3-BF4B-00C04F79EFBC}") = "BL", "BL\BL.csproj", "{4785CC65-578D-4471-BEE0-92B09B30A857}"
EndProject
Project("{FAE04EC0-301F-11D3-BF4B-00C04F79EFBC}") = "DL", "DL\DL.csproj", "{A42333ED-FE01-447E-8B92-5DB2CA24A62F}"
EndProject
Global
	GlobalSection(SolutionConfigurationPlatforms) = preSolution
		Debug|Any CPU = Debug|Any CPU
		Release|Any CPU = Release|Any CPU
	EndGlobalSection
	GlobalSection(ProjectConfigurationPlatforms) = postSolution
		{7FB6F0AB-9523-43BA-93C5-FCD9FDCC1928}.Debug|Any CPU.ActiveCfg = Debug|Any CPU
		{7FB6F0AB-9523-43BA-93C5-FCD9FDCC1928}.Debug|Any CPU.Build.0 = Debug|Any CPU
		{7FB6F0AB-9523-43BA-93C5-FCD9FDCC1928}.Release|Any CPU.ActiveCfg = Release|Any CPU
		{7FB6F0AB-9523-43BA-93C5-FCD9FDCC1928}.Release|Any CPU.Build.0 = Release|Any CPU
		{4785CC65-578D-4471-BEE0-92B09B30A857}.Debug|Any CPU.ActiveCfg = Debug|Any CPU
		{4785CC65-578D-4471-BEE0-92B09B30A857}.Debug|Any CPU.Build.0 = Debug|Any CPU
		{4785CC65-578D-4471-BEE0-92B09B30A857}.Release|Any CPU.ActiveCfg = Release|Any CPU
		{4785CC65-578D-4471-BEE0-92B09B30A857}.Release|Any CPU.Build.0 = Release|Any CPU
		{A42333ED-FE01-447E-8B92-5DB2CA24A62F}.Debug|Any CPU.ActiveCfg = Debug|Any CPU
		{A42333ED-FE01-447E-8B92-5DB2CA24A62F}.Debug|Any CPU.Build.0 = Debug|Any CPU
		{A42333ED-FE01-447E-8B92-5DB2CA24A62F}.Release|Any CPU.ActiveCfg = Release|Any CPU
		{A42333ED-FE01-447E-8B92-5DB2CA24A62F}.Release|Any CPU.Build.0 = Release|Any CPU
	EndGlobalSection
	GlobalSection(SolutionProperties) = preSolution
		HideSolutionNode = FALSE
	EndGlobalSection
	GlobalSection(ExtensibilityGlobals) = postSolution
		SolutionGuid = {AFD112C6-9CC3-4E9E-97A1-9D59434C775C}
	EndGlobalSection
EndGlobal
